// !$*UTF8*$!
{
	archiveVersion = 1;
	classes = {
	};
	objectVersion = 56;
	objects = {

/* Begin PBXBuildFile section */
		AA000001000000000000001A /* KidsColoringApp.swift in Sources */ = {isa = PBXBuildFile; fileRef = AA000001000000000000001B /* KidsColoringApp.swift */; };
		AA000002000000000000001A /* RootView.swift in Sources */ = {isa = PBXBuildFile; fileRef = AA000002000000000000001B /* RootView.swift */; };
		AA000003000000000000001A /* ColoringPage.swift in Sources */ = {isa = PBXBuildFile; fileRef = AA000003000000000000001B /* ColoringPage.swift */; };
		AA000004000000000000001A /* DrawingState.swift in Sources */ = {isa = PBXBuildFile; fileRef = AA000004000000000000001B /* DrawingState.swift */; };
		AA000005000000000000001A /* SavedArtwork.swift in Sources */ = {isa = PBXBuildFile; fileRef = AA000005000000000000001B /* SavedArtwork.swift */; };
		AA000006000000000000001A /* ColoringViewModel.swift in Sources */ = {isa = PBXBuildFile; fileRef = AA000006000000000000001B /* ColoringViewModel.swift */; };
		AA000007000000000000001A /* GalleryViewModel.swift in Sources */ = {isa = PBXBuildFile; fileRef = AA000007000000000000001B /* GalleryViewModel.swift */; };
		AA000008000000000000001A /* SplashView.swift in Sources */ = {isa = PBXBuildFile; fileRef = AA000008000000000000001B /* SplashView.swift */; };
		AA000009000000000000001A /* HomeView.swift in Sources */ = {isa = PBXBuildFile; fileRef = AA000009000000000000001B /* HomeView.swift */; };
		AA00000A000000000000001A /* ColoringView.swift in Sources */ = {isa = PBXBuildFile; fileRef = AA00000A000000000000001B /* ColoringView.swift */; };
		AA00000B000000000000001A /* ColorPaletteView.swift in Sources */ = {isa = PBXBuildFile; fileRef = AA00000B000000000000001B /* ColorPaletteView.swift */; };
		AA00000C000000000000001A /* ToolbarView.swift in Sources */ = {isa = PBXBuildFile; fileRef = AA00000C000000000000001B /* ToolbarView.swift */; };
		AA00000D000000000000001A /* CelebrationView.swift in Sources */ = {isa = PBXBuildFile; fileRef = AA00000D000000000000001B /* CelebrationView.swift */; };
		AA00000E000000000000001A /* GalleryView.swift in Sources */ = {isa = PBXBuildFile; fileRef = AA00000E000000000000001B /* GalleryView.swift */; };
		AA00000F000000000000001A /* StorageService.swift in Sources */ = {isa = PBXBuildFile; fileRef = AA00000F000000000000001B /* StorageService.swift */; };
		AA000010000000000000001A /* SoundService.swift in Sources */ = {isa = PBXBuildFile; fileRef = AA000010000000000000001B /* SoundService.swift */; };
		AA000011000000000000001A /* ArtworkRenderer.swift in Sources */ = {isa = PBXBuildFile; fileRef = AA000011000000000000001B /* ArtworkRenderer.swift */; };
		AA000012000000000000001A /* PrincessPage.swift in Sources */ = {isa = PBXBuildFile; fileRef = AA000012000000000000001B /* PrincessPage.swift */; };
		AA000013000000000000001A /* PrincePage.swift in Sources */ = {isa = PBXBuildFile; fileRef = AA000013000000000000001B /* PrincePage.swift */; };
		AA000014000000000000001A /* VillainPage.swift in Sources */ = {isa = PBXBuildFile; fileRef = AA000014000000000000001B /* VillainPage.swift */; };
		AA000015000000000000001A /* FairyPage.swift in Sources */ = {isa = PBXBuildFile; fileRef = AA000015000000000000001B /* FairyPage.swift */; };
		AA000016000000000000001A /* DragonPage.swift in Sources */ = {isa = PBXBuildFile; fileRef = AA000016000000000000001B /* DragonPage.swift */; };
		AA000017000000000000001A /* Assets.xcassets in Resources */ = {isa = PBXBuildFile; fileRef = AA000017000000000000001B /* Assets.xcassets */; };
		AA000018000000000000001A /* PencilKit.framework in Frameworks */ = {isa = PBXBuildFile; fileRef = AA000018000000000000001B /* PencilKit.framework */; };
		AA000019000000000000001A /* AVFoundation.framework in Frameworks */ = {isa = PBXBuildFile; fileRef = AA000019000000000000001B /* AVFoundation.framework */; };
		AA00001A000000000000001A /* AudioToolbox.framework in Frameworks */ = {isa = PBXBuildFile; fileRef = AA00001A000000000000001B /* AudioToolbox.framework */; };
/* End PBXBuildFile section */

/* Begin PBXFileReference section */
		AA000001000000000000001B /* KidsColoringApp.swift */ = {isa = PBXFileReference; lastKnownFileType = sourcecode.swift; path = KidsColoringApp.swift; sourceTree = "<group>"; };
		AA000002000000000000001B /* RootView.swift */ = {isa = PBXFileReference; lastKnownFileType = sourcecode.swift; path = RootView.swift; sourceTree = "<group>"; };
		AA000003000000000000001B /* ColoringPage.swift */ = {isa = PBXFileReference; lastKnownFileType = sourcecode.swift; path = ColoringPage.swift; sourceTree = "<group>"; };
		AA000004000000000000001B /* DrawingState.swift */ = {isa = PBXFileReference; lastKnownFileType = sourcecode.swift; path = DrawingState.swift; sourceTree = "<group>"; };
		AA000005000000000000001B /* SavedArtwork.swift */ = {isa = PBXFileReference; lastKnownFileType = sourcecode.swift; path = SavedArtwork.swift; sourceTree = "<group>"; };
		AA000006000000000000001B /* ColoringViewModel.swift */ = {isa = PBXFileReference; lastKnownFileType = sourcecode.swift; path = ColoringViewModel.swift; sourceTree = "<group>"; };
		AA000007000000000000001B /* GalleryViewModel.swift */ = {isa = PBXFileReference; lastKnownFileType = sourcecode.swift; path = GalleryViewModel.swift; sourceTree = "<group>"; };
		AA000008000000000000001B /* SplashView.swift */ = {isa = PBXFileReference; lastKnownFileType = sourcecode.swift; path = SplashView.swift; sourceTree = "<group>"; };
		AA000009000000000000001B /* HomeView.swift */ = {isa = PBXFileReference; lastKnownFileType = sourcecode.swift; path = HomeView.swift; sourceTree = "<group>"; };
		AA00000A000000000000001B /* ColoringView.swift */ = {isa = PBXFileReference; lastKnownFileType = sourcecode.swift; path = ColoringView.swift; sourceTree = "<group>"; };
		AA00000B000000000000001B /* ColorPaletteView.swift */ = {isa = PBXFileReference; lastKnownFileType = sourcecode.swift; path = ColorPaletteView.swift; sourceTree = "<group>"; };
		AA00000C000000000000001B /* ToolbarView.swift */ = {isa = PBXFileReference; lastKnownFileType = sourcecode.swift; path = ToolbarView.swift; sourceTree = "<group>"; };
		AA00000D000000000000001B /* CelebrationView.swift */ = {isa = PBXFileReference; lastKnownFileType = sourcecode.swift; path = CelebrationView.swift; sourceTree = "<group>"; };
		AA00000E000000000000001B /* GalleryView.swift */ = {isa = PBXFileReference; lastKnownFileType = sourcecode.swift; path = GalleryView.swift; sourceTree = "<group>"; };
		AA00000F000000000000001B /* StorageService.swift */ = {isa = PBXFileReference; lastKnownFileType = sourcecode.swift; path = StorageService.swift; sourceTree = "<group>"; };
		AA000010000000000000001B /* SoundService.swift */ = {isa = PBXFileReference; lastKnownFileType = sourcecode.swift; path = SoundService.swift; sourceTree = "<group>"; };
		AA000011000000000000001B /* ArtworkRenderer.swift */ = {isa = PBXFileReference; lastKnownFileType = sourcecode.swift; path = ArtworkRenderer.swift; sourceTree = "<group>"; };
		AA000012000000000000001B /* PrincessPage.swift */ = {isa = PBXFileReference; lastKnownFileType = sourcecode.swift; path = PrincessPage.swift; sourceTree = "<group>"; };
		AA000013000000000000001B /* PrincePage.swift */ = {isa = PBXFileReference; lastKnownFileType = sourcecode.swift; path = PrincePage.swift; sourceTree = "<group>"; };
		AA000014000000000000001B /* VillainPage.swift */ = {isa = PBXFileReference; lastKnownFileType = sourcecode.swift; path = VillainPage.swift; sourceTree = "<group>"; };
		AA000015000000000000001B /* FairyPage.swift */ = {isa = PBXFileReference; lastKnownFileType = sourcecode.swift; path = FairyPage.swift; sourceTree = "<group>"; };
		AA000016000000000000001B /* DragonPage.swift */ = {isa = PBXFileReference; lastKnownFileType = sourcecode.swift; path = DragonPage.swift; sourceTree = "<group>"; };
		AA000017000000000000001B /* Assets.xcassets */ = {isa = PBXFileReference; lastKnownFileType = folder.assetcatalog; path = Assets.xcassets; sourceTree = "<group>"; };
		AA000018000000000000001B /* PencilKit.framework */ = {isa = PBXFileReference; lastKnownFileType = wrapper.framework; name = PencilKit.framework; path = System/Library/Frameworks/PencilKit.framework; sourceTree = SDKROOT; };
		AA000019000000000000001B /* AVFoundation.framework */ = {isa = PBXFileReference; lastKnownFileType = wrapper.framework; name = AVFoundation.framework; path = System/Library/Frameworks/AVFoundation.framework; sourceTree = SDKROOT; };
		AA00001A000000000000001B /* AudioToolbox.framework */ = {isa = PBXFileReference; lastKnownFileType = wrapper.framework; name = AudioToolbox.framework; path = System/Library/Frameworks/AudioToolbox.framework; sourceTree = SDKROOT; };
		AA0000FF000000000000001B /* KidsColoringApp.app */ = {isa = PBXFileReference; explicitFileType = wrapper.application; includeInIndex = 0; path = KidsColoringApp.app; sourceTree = BUILT_PRODUCTS_DIR; };
		AA0000FE000000000000001B /* Info.plist */ = {isa = PBXFileReference; lastKnownFileType = text.plist.xml; path = Info.plist; sourceTree = "<group>"; };
/* End PBXFileReference section */

/* Begin PBXFrameworksBuildPhase section */
		AA0000F0000000000000001A /* Frameworks */ = {
			isa = PBXFrameworksBuildPhase;
			buildActionMask = 2147483647;
			files = (
				AA000018000000000000001A /* PencilKit.framework in Frameworks */,
				AA000019000000000000001A /* AVFoundation.framework in Frameworks */,
				AA00001A000000000000001A /* AudioToolbox.framework in Frameworks */,
			);
			runOnlyForDeploymentPostprocessing = 0;
		};
/* End PBXFrameworksBuildPhase section */

/* Begin PBXGroup section */
		AA0000E0000000000000001A /* Products */ = {
			isa = PBXGroup;
			children = (
				AA0000FF000000000000001B /* KidsColoringApp.app */,
			);
			name = Products;
			sourceTree = "<group>";
		};
		AA0000E1000000000000001A /* Frameworks */ = {
			isa = PBXGroup;
			children = (
				AA000018000000000000001B /* PencilKit.framework */,
				AA000019000000000000001B /* AVFoundation.framework */,
				AA00001A000000000000001B /* AudioToolbox.framework */,
			);
			name = Frameworks;
			sourceTree = "<group>";
		};
		AA0000D0000000000000001A = {
			isa = PBXGroup;
			children = (
				AA0000D1000000000000001A /* KidsColoringApp */,
				AA0000E0000000000000001A /* Products */,
				AA0000E1000000000000001A /* Frameworks */,
			);
			sourceTree = "<group>";
		};
		AA0000D1000000000000001A /* KidsColoringApp */ = {
			isa = PBXGroup;
			children = (
				AA0000D2000000000000001A /* App */,
				AA0000D3000000000000001A /* Models */,
				AA0000D4000000000000001A /* ViewModels */,
				AA0000D5000000000000001A /* Views */,
				AA0000D6000000000000001A /* Services */,
				AA0000D7000000000000001A /* ColoringPages */,
				AA000017000000000000001B /* Assets.xcassets */,
				AA0000FE000000000000001B /* Info.plist */,
			);
			path = KidsColoringApp;
			sourceTree = "<group>";
		};
		AA0000D2000000000000001A /* App */ = {
			isa = PBXGroup;
			children = (
				AA000001000000000000001B /* KidsColoringApp.swift */,
			);
			path = App;
			sourceTree = "<group>";
		};
		AA0000D3000000000000001A /* Models */ = {
			isa = PBXGroup;
			children = (
				AA000003000000000000001B /* ColoringPage.swift */,
				AA000004000000000000001B /* DrawingState.swift */,
				AA000005000000000000001B /* SavedArtwork.swift */,
			);
			path = Models;
			sourceTree = "<group>";
		};
		AA0000D4000000000000001A /* ViewModels */ = {
			isa = PBXGroup;
			children = (
				AA000006000000000000001B /* ColoringViewModel.swift */,
				AA000007000000000000001B /* GalleryViewModel.swift */,
			);
			path = ViewModels;
			sourceTree = "<group>";
		};
		AA0000D5000000000000001A /* Views */ = {
			isa = PBXGroup;
			children = (
				AA000002000000000000001B /* RootView.swift */,
				AA0000D8000000000000001A /* Splash */,
				AA0000D9000000000000001A /* Home */,
				AA0000DA000000000000001A /* Coloring */,
				AA0000DB000000000000001A /* Gallery */,
			);
			path = Views;
			sourceTree = "<group>";
		};
		AA0000D8000000000000001A /* Splash */ = {
			isa = PBXGroup;
			children = (
				AA000008000000000000001B /* SplashView.swift */,
			);
			path = Splash;
			sourceTree = "<group>";
		};
		AA0000D9000000000000001A /* Home */ = {
			isa = PBXGroup;
			children = (
				AA000009000000000000001B /* HomeView.swift */,
			);
			path = Home;
			sourceTree = "<group>";
		};
		AA0000DA000000000000001A /* Coloring */ = {
			isa = PBXGroup;
			children = (
				AA00000A000000000000001B /* ColoringView.swift */,
				AA00000B000000000000001B /* ColorPaletteView.swift */,
				AA00000C000000000000001B /* ToolbarView.swift */,
				AA00000D000000000000001B /* CelebrationView.swift */,
			);
			path = Coloring;
			sourceTree = "<group>";
		};
		AA0000DB000000000000001A /* Gallery */ = {
			isa = PBXGroup;
			children = (
				AA00000E000000000000001B /* GalleryView.swift */,
			);
			path = Gallery;
			sourceTree = "<group>";
		};
		AA0000D6000000000000001A /* Services */ = {
			isa = PBXGroup;
			children = (
				AA00000F000000000000001B /* StorageService.swift */,
				AA000010000000000000001B /* SoundService.swift */,
				AA000011000000000000001B /* ArtworkRenderer.swift */,
			);
			path = Services;
			sourceTree = "<group>";
		};
		AA0000D7000000000000001A /* ColoringPages */ = {
			isa = PBXGroup;
			children = (
				AA000012000000000000001B /* PrincessPage.swift */,
				AA000013000000000000001B /* PrincePage.swift */,
				AA000014000000000000001B /* VillainPage.swift */,
				AA000015000000000000001B /* FairyPage.swift */,
				AA000016000000000000001B /* DragonPage.swift */,
			);
			path = ColoringPages;
			sourceTree = "<group>";
		};
/* End PBXGroup section */

/* Begin PBXNativeTarget section */
		AA0000C0000000000000001A /* KidsColoringApp */ = {
			isa = PBXNativeTarget;
			buildConfigurationList = AA0000B0000000000000001A /* Build configuration list for PBXNativeTarget "KidsColoringApp" */;
			buildPhases = (
				AA0000F1000000000000001A /* Sources */,
				AA0000F0000000000000001A /* Frameworks */,
				AA0000F2000000000000001A /* Resources */,
			);
			buildRules = (
			);
			dependencies = (
			);
			name = KidsColoringApp;
			productName = KidsColoringApp;
			productReference = AA0000FF000000000000001B /* KidsColoringApp.app */;
			productType = "com.apple.product-type.application";
		};
/* End PBXNativeTarget section */

/* Begin PBXProject section */
		AA0000A0000000000000001A /* Project object */ = {
			isa = PBXProject;
			attributes = {
				BuildIndependentTargetsInParallel = 1;
				LastSwiftUpdateCheck = 1500;
				LastUpgradeCheck = 1500;
				TargetAttributes = {
					AA0000C0000000000000001A = {
						CreatedOnToolsVersion = 15.0;
					};
				};
			};
			buildConfigurationList = AA0000B1000000000000001A /* Build configuration list for PBXProject "KidsColoringApp" */;
			compatibilityVersion = "Xcode 14.0";
			developmentRegion = ko;
			hasScannedForEncodings = 0;
			knownRegions = (
				ko,
				en,
				Base,
			);
			mainGroup = AA0000D0000000000000001A;
			productRefGroup = AA0000E0000000000000001A /* Products */;
			projectDirPath = "";
			projectRoot = "";
			targets = (
				AA0000C0000000000000001A /* KidsColoringApp */,
			);
		};
/* End PBXProject section */

/* Begin PBXResourcesBuildPhase section */
		AA0000F2000000000000001A /* Resources */ = {
			isa = PBXResourcesBuildPhase;
			buildActionMask = 2147483647;
			files = (
				AA000017000000000000001A /* Assets.xcassets in Resources */,
			);
			runOnlyForDeploymentPostprocessing = 0;
		};
/* End PBXResourcesBuildPhase section */

/* Begin PBXSourcesBuildPhase section */
		AA0000F1000000000000001A /* Sources */ = {
			isa = PBXSourcesBuildPhase;
			buildActionMask = 2147483647;
			files = (
				AA000001000000000000001A /* KidsColoringApp.swift in Sources */,
				AA000002000000000000001A /* RootView.swift in Sources */,
				AA000003000000000000001A /* ColoringPage.swift in Sources */,
				AA000004000000000000001A /* DrawingState.swift in Sources */,
				AA000005000000000000001A /* SavedArtwork.swift in Sources */,
				AA000006000000000000001A /* ColoringViewModel.swift in Sources */,
				AA000007000000000000001A /* GalleryViewModel.swift in Sources */,
				AA000008000000000000001A /* SplashView.swift in Sources */,
				AA000009000000000000001A /* HomeView.swift in Sources */,
				AA00000A000000000000001A /* ColoringView.swift in Sources */,
				AA00000B000000000000001A /* ColorPaletteView.swift in Sources */,
				AA00000C000000000000001A /* ToolbarView.swift in Sources */,
				AA00000D000000000000001A /* CelebrationView.swift in Sources */,
				AA00000E000000000000001A /* GalleryView.swift in Sources */,
				AA00000F000000000000001A /* StorageService.swift in Sources */,
				AA000010000000000000001A /* SoundService.swift in Sources */,
				AA000011000000000000001A /* ArtworkRenderer.swift in Sources */,
				AA000012000000000000001A /* PrincessPage.swift in Sources */,
				AA000013000000000000001A /* PrincePage.swift in Sources */,
				AA000014000000000000001A /* VillainPage.swift in Sources */,
				AA000015000000000000001A /* FairyPage.swift in Sources */,
				AA000016000000000000001A /* DragonPage.swift in Sources */,
			);
			runOnlyForDeploymentPostprocessing = 0;
		};
/* End PBXSourcesBuildPhase section */

/* Begin XCBuildConfiguration section */
		AA0000B2000000000000001A /* Debug */ = {
			isa = XCBuildConfiguration;
			buildSettings = {
				ALWAYS_SEARCH_USER_PATHS = NO;
				ASSETCATALOG_COMPILER_GENERATE_SWIFT_ASSET_SYMBOL_EXTENSIONS = YES;
				CLANG_ANALYZER_NONNULL = YES;
				CLANG_ANALYZER_NUMBER_OBJECT_CONVERSION = YES_AGGRESSIVE;
				CLANG_CXX_LANGUAGE_STANDARD = "gnu++20";
				CLANG_ENABLE_MODULES = YES;
				CLANG_ENABLE_OBJC_ARC = YES;
				CLANG_ENABLE_OBJC_WEAK = YES;
				CLANG_WARN_BLOCK_CAPTURE_AUTORELEASING = YES;
				CLANG_WARN_BOOL_CONVERSION = YES;
				CLANG_WARN_COMMA = YES;
				CLANG_WARN_CONSTANT_CONVERSION = YES;
				CLANG_WARN_DEPRECATED_OBJC_IMPLEMENTATIONS = YES;
				CLANG_WARN_DIRECT_OBJC_ISA_USAGE = YES_ERROR;
				CLANG_WARN_DOCUMENTATION_COMMENTS = YES;
				CLANG_WARN_EMPTY_BODY = YES;
				CLANG_WARN_ENUM_CONVERSION = YES;
				CLANG_WARN_INFINITE_RECURSION = YES;
				CLANG_WARN_INT_CONVERSION = YES;
				CLANG_WARN_NON_LITERAL_NULL_CONVERSION = YES;
				CLANG_WARN_OBJC_IMPLICIT_RETAIN_CYCLE = YES;
				CLANG_WARN_OBJC_LITERAL_CONVERSION = YES;
				CLANG_WARN_OBJC_ROOT_CLASS = YES_ERROR;
				CLANG_WARN_QUOTED_INCLUDE_IN_FRAMEWORK_HEADER = YES;
				CLANG_WARN_RANGE_LOOP_ANALYSIS = YES;
				CLANG_WARN_STRICT_PROTOTYPES = YES;
				CLANG_WARN_SUSPICIOUS_MOVE = YES;
				CLANG_WARN_UNGUARDED_AVAILABILITY = YES_AGGRESSIVE;
				CLANG_WARN_UNREACHABLE_CODE = YES;
				CLANG_WARN__DUPLICATE_METHOD_MATCH = YES;
				COPY_PHASE_STRIP = NO;
				DEBUG_INFORMATION_FORMAT = dwarf;
				ENABLE_STRICT_OBJC_MSGSEND = YES;
				ENABLE_TESTABILITY = YES;
				ENABLE_USER_SCRIPT_SANDBOXING = YES;
				GCC_C_LANGUAGE_STANDARD = gnu17;
				GCC_DYNAMIC_NO_PIC = NO;
				GCC_NO_COMMON_BLOCKS = YES;
				GCC_OPTIMIZATION_LEVEL = 0;
				GCC_PREPROCESSOR_DEFINITIONS = (
					"DEBUG=1",
					"$(inherited)",
				);
				GCC_WARN_64_TO_32_BIT_CONVERSION = YES;
				GCC_WARN_ABOUT_RETURN_TYPE = YES_ERROR;
				GCC_WARN_UNDECLARED_SELECTOR = YES;
				GCC_WARN_UNINITIALIZED_AUTOS = YES_AGGRESSIVE;
				GCC_WARN_UNUSED_FUNCTION = YES;
				GCC_WARN_UNUSED_VARIABLE = YES;
				IPHONEOS_DEPLOYMENT_TARGET = 16.0;
				MTL_ENABLE_DEBUG_INFO = INCLUDE_SOURCE;
				MTL_FAST_MATH = YES;
				ONLY_ACTIVE_ARCH = YES;
				SDKROOT = iphoneos;
				SWIFT_ACTIVE_COMPILATION_CONDITIONS = "DEBUG $(inherited)";
				SWIFT_OPTIMIZATION_LEVEL = "-Onone";
			};
			name = Debug;
		};
		AA0000B3000000000000001A /* Release */ = {
			isa = XCBuildConfiguration;
			buildSettings = {
				ALWAYS_SEARCH_USER_PATHS = NO;
				ASSETCATALOG_COMPILER_GENERATE_SWIFT_ASSET_SYMBOL_EXTENSIONS = YES;
				CLANG_ANALYZER_NONNULL = YES;
				CLANG_ANALYZER_NUMBER_OBJECT_CONVERSION = YES_AGGRESSIVE;
				CLANG_CXX_LANGUAGE_STANDARD = "gnu++20";
				CLANG_ENABLE_MODULES = YES;
				CLANG_ENABLE_OBJC_ARC = YES;
				CLANG_ENABLE_OBJC_WEAK = YES;
				CLANG_WARN_BLOCK_CAPTURE_AUTORELEASING = YES;
				CLANG_WARN_BOOL_CONVERSION = YES;
				CLANG_WARN_COMMA = YES;
				CLANG_WARN_CONSTANT_CONVERSION = YES;
				CLANG_WARN_DEPRECATED_OBJC_IMPLEMENTATIONS = YES;
				CLANG_WARN_DIRECT_OBJC_ISA_USAGE = YES_ERROR;
				CLANG_WARN_DOCUMENTATION_COMMENTS = YES;
				CLANG_WARN_EMPTY_BODY = YES;
				CLANG_WARN_ENUM_CONVERSION = YES;
				CLANG_WARN_INFINITE_RECURSION = YES;
				CLANG_WARN_INT_CONVERSION = YES;
				CLANG_WARN_NON_LITERAL_NULL_CONVERSION = YES;
				CLANG_WARN_OBJC_IMPLICIT_RETAIN_CYCLE = YES;
				CLANG_WARN_OBJC_LITERAL_CONVERSION = YES;
				CLANG_WARN_OBJC_ROOT_CLASS = YES_ERROR;
				CLANG_WARN_QUOTED_INCLUDE_IN_FRAMEWORK_HEADER = YES;
				CLANG_WARN_RANGE_LOOP_ANALYSIS = YES;
				CLANG_WARN_STRICT_PROTOTYPES = YES;
				CLANG_WARN_SUSPICIOUS_MOVE = YES;
				CLANG_WARN_UNGUARDED_AVAILABILITY = YES_AGGRESSIVE;
				CLANG_WARN_UNREACHABLE_CODE = YES;
				CLANG_WARN__DUPLICATE_METHOD_MATCH = YES;
				COPY_PHASE_STRIP = NO;
				DEBUG_INFORMATION_FORMAT = "dwarf-with-dsym";
				ENABLE_NS_ASSERTIONS = NO;
				ENABLE_STRICT_OBJC_MSGSEND = YES;
				ENABLE_USER_SCRIPT_SANDBOXING = YES;
				GCC_C_LANGUAGE_STANDARD = gnu17;
				GCC_NO_COMMON_BLOCKS = YES;
				GCC_WARN_64_TO_32_BIT_CONVERSION = YES;
				GCC_WARN_ABOUT_RETURN_TYPE = YES_ERROR;
				GCC_WARN_UNDECLARED_SELECTOR = YES;
				GCC_WARN_UNINITIALIZED_AUTOS = YES_AGGRESSIVE;
				GCC_WARN_UNUSED_FUNCTION = YES;
				GCC_WARN_UNUSED_VARIABLE = YES;
				IPHONEOS_DEPLOYMENT_TARGET = 16.0;
				MTL_FAST_MATH = YES;
				SDKROOT = iphoneos;
				SWIFT_COMPILATION_MODE = wholemodule;
				VALIDATE_PRODUCT = YES;
			};
			name = Release;
		};
		AA0000B4000000000000001A /* Debug */ = {
			isa = XCBuildConfiguration;
			buildSettings = {
				ASSETCATALOG_COMPILER_APPICON_NAME = AppIcon;
				ASSETCATALOG_COMPILER_GLOBAL_ACCENT_COLOR_NAME = AccentColor;
				CODE_SIGN_STYLE = Automatic;
				CURRENT_PROJECT_VERSION = 1;
				ENABLE_PREVIEWS = YES;
				GENERATE_INFOPLIST_FILE = NO;
				INFOPLIST_FILE = KidsColoringApp/Info.plist;
				LD_RUNPATH_SEARCH_PATHS = (
					"$(inherited)",
					"@executable_path/Frameworks",
				);
				MARKETING_VERSION = 1.0;
				PRODUCT_BUNDLE_IDENTIFIER = com.kidsapp.coloringworld;
				PRODUCT_NAME = "$(TARGET_NAME)";
				SWIFT_EMIT_LOC_STRINGS = YES;
				SWIFT_VERSION = 5.9;
				TARGETED_DEVICE_FAMILY = 1;
			};
			name = Debug;
		};
		AA0000B5000000000000001A /* Release */ = {
			isa = XCBuildConfiguration;
			buildSettings = {
				ASSETCATALOG_COMPILER_APPICON_NAME = AppIcon;
				ASSETCATALOG_COMPILER_GLOBAL_ACCENT_COLOR_NAME = AccentColor;
				CODE_SIGN_STYLE = Automatic;
				CURRENT_PROJECT_VERSION = 1;
				ENABLE_PREVIEWS = YES;
				GENERATE_INFOPLIST_FILE = NO;
				INFOPLIST_FILE = KidsColoringApp/Info.plist;
				LD_RUNPATH_SEARCH_PATHS = (
					"$(inherited)",
					"@executable_path/Frameworks",
				);
				MARKETING_VERSION = 1.0;
				PRODUCT_BUNDLE_IDENTIFIER = com.kidsapp.coloringworld;
				PRODUCT_NAME = "$(TARGET_NAME)";
				SWIFT_EMIT_LOC_STRINGS = YES;
				SWIFT_VERSION = 5.9;
				TARGETED_DEVICE_FAMILY = 1;
			};
			name = Release;
		};
/* End XCBuildConfiguration section */

/* Begin XCConfigurationList section */
		AA0000B0000000000000001A /* Build configuration list for PBXNativeTarget "KidsColoringApp" */ = {
			isa = XCConfigurationList;
			buildConfigurations = (
				AA0000B4000000000000001A /* Debug */,
				AA0000B5000000000000001A /* Release */,
			);
			defaultConfigurationIsVisible = 0;
			defaultConfigurationName = Release;
		};
		AA0000B1000000000000001A /* Build configuration list for PBXProject "KidsColoringApp" */ = {
			isa = XCConfigurationList;
			buildConfigurations = (
				AA0000B2000000000000001A /* Debug */,
				AA0000B3000000000000001A /* Release */,
			);
			defaultConfigurationIsVisible = 0;
			defaultConfigurationName = Release;
		};
/* End XCConfigurationList section */

	};
	rootObject = AA0000A0000000000000001A /* Project object */;
}
